
Microsoft Visual Studio Solution File, Format Version 12.00
# Visual Studio Version 17
VisualStudioVersion = 17.7.34024.191
MinimumVisualStudioVersion = 10.0.40219.1
Project("{9A19103F-16F7-4668-BE54-9A1E7A4F7556}") = "LINQDEMO", "LINQDEMO\LINQDEMO.csproj", "{DF586280-2593-408A-BA5D-6993BEE73F5A}"
EndProject
Project("{9A19103F-16F7-4668-BE54-9A1E7A4F7556}") = "LinqDemo1", "LinqDemo1\LinqDemo1.csproj", "{E28D61E4-CCD0-4916-8E6B-C3328CE646B9}"
EndProject
Project("{FAE04EC0-301F-11D3-BF4B-00C04F79EFBC}") = "LinqToXML", "LinqToXML\LinqToXML.csproj", "{AF905154-286D-4E05-991C-4D3B8D703479}"
EndProject
Global
	GlobalSection(SolutionConfigurationPlatforms) = preSolution
		Debug|Any CPU = Debug|Any CPU
		Release|Any CPU = Release|Any CPU
	EndGlobalSection
	GlobalSection(ProjectConfigurationPlatforms) = postSolution
		{DF586280-2593-408A-BA5D-6993BEE73F5A}.Debug|Any CPU.ActiveCfg = Debug|Any CPU
		{DF586280-2593-408A-BA5D-6993BEE73F5A}.Debug|Any CPU.Build.0 = Debug|Any CPU
		{DF586280-2593-408A-BA5D-6993BEE73F5A}.Release|Any CPU.ActiveCfg = Release|Any CPU
		{DF586280-2593-408A-BA5D-6993BEE73F5A}.Release|Any CPU.Build.0 = Release|Any CPU
		{E28D61E4-CCD0-4916-8E6B-C3328CE646B9}.Debug|Any CPU.ActiveCfg = Debug|Any CPU
		{E28D61E4-CCD0-4916-8E6B-C3328CE646B9}.Debug|Any CPU.Build.0 = Debug|Any CPU
		{E28D61E4-CCD0-4916-8E6B-C3328CE646B9}.Release|Any CPU.ActiveCfg = Release|Any CPU
		{E28D61E4-CCD0-4916-8E6B-C3328CE646B9}.Release|Any CPU.Build.0 = Release|Any CPU
		{AF905154-286D-4E05-991C-4D3B8D703479}.Debug|Any CPU.ActiveCfg = Debug|Any CPU
		{AF905154-286D-4E05-991C-4D3B8D703479}.Debug|Any CPU.Build.0 = Debug|Any CPU
		{AF905154-286D-4E05-991C-4D3B8D703479}.Release|Any CPU.ActiveCfg = Release|Any CPU
		{AF905154-286D-4E05-991C-4D3B8D703479}.Release|Any CPU.Build.0 = Release|Any CPU
	EndGlobalSection
	GlobalSection(SolutionProperties) = preSolution
		HideSolutionNode = FALSE
	EndGlobalSection
	GlobalSection(ExtensibilityGlobals) = postSolution
		SolutionGuid = {AA0D83E8-2B96-459D-91B2-606FF2EC619E}
	EndGlobalSection
EndGlobal
